
Microsoft Visual Studio Solution File, Format Version 12.00
# Visual Studio Version 16
VisualStudioVersion = 16.0.29728.190
MinimumVisualStudioVersion = 10.0.40219.1
Project("{2150E333-8FDC-42A3-9474-1A3956D46DE8}") = "Task 1a", "Task 1a", "{6656E7FC-2534-487F-A250-4AA71BA15D08}"
EndProject
Project("{2150E333-8FDC-42A3-9474-1A3956D46DE8}") = "Task 1b", "Task 1b", "{054F680F-4CF2-4AAB-9223-0AF22418F00D}"
EndProject
Project("{9A19103F-16F7-4668-BE54-9A1E7A4F7556}") = "TaskApi1b", "TaskApi1b\TaskApi1b.csproj", "{294BD37E-3BAD-4634-BB3E-48AFEFA196F4}"
EndProject
Project("{2150E333-8FDC-42A3-9474-1A3956D46DE8}") = "Task 1c", "Task 1c", "{5DE54941-8F22-4EC1-BC68-B55B1886C63A}"
EndProject
Project("{9A19103F-16F7-4668-BE54-9A1E7A4F7556}") = "TaskApi1a", "TaskApi1a\TaskApi1a.csproj", "{B3CFB55E-6E66-4ED3-8393-00765880A957}"
EndProject
Project("{9A19103F-16F7-4668-BE54-9A1E7A4F7556}") = "TaskApi1c", "TaskApi1c\TaskApi1c.csproj", "{D1198210-5101-45A9-AC8D-D548A121F6B1}"
EndProject
Project("{2150E333-8FDC-42A3-9474-1A3956D46DE8}") = "Task 2a", "Task 2a", "{2F0A2587-CCBB-4EEF-BE35-4A673AA7746D}"
EndProject
Project("{9A19103F-16F7-4668-BE54-9A1E7A4F7556}") = "TaskApi2a", "TaskApi2a\TaskApi2a.csproj", "{AE1CA61B-42A5-4033-96B5-CB24FD384E96}"
EndProject
Project("{2150E333-8FDC-42A3-9474-1A3956D46DE8}") = "Task 2b", "Task 2b", "{9B957D62-62B2-45EA-9727-095B159F29D5}"
EndProject
Project("{9A19103F-16F7-4668-BE54-9A1E7A4F7556}") = "TaskApi2b", "TaskApi2b\TaskApi2b.csproj", "{8EC3D3D9-EEFA-417E-ABAB-31B2A6EE6470}"
EndProject
Project("{2150E333-8FDC-42A3-9474-1A3956D46DE8}") = "Task 2c", "Task 2c", "{BF3E4D5B-B095-4486-A04E-8734DECA651E}"
EndProject
Project("{9A19103F-16F7-4668-BE54-9A1E7A4F7556}") = "TaskApi2c", "TaskApi2c\TaskApi2c.csproj", "{1D829C8C-5480-4B4F-9B31-68D1EA52889B}"
EndProject
Project("{9A19103F-16F7-4668-BE54-9A1E7A4F7556}") = "Shared", "Shared\Shared.csproj", "{D449A054-2A22-4238-AA24-41EBDD07DE35}"
EndProject
Project("{2150E333-8FDC-42A3-9474-1A3956D46DE8}") = "Task 2d", "Task 2d", "{BDDD3CCD-4178-4C7A-AB0D-56280E906070}"
EndProject
Project("{9A19103F-16F7-4668-BE54-9A1E7A4F7556}") = "TaskApi2d", "TaskApi2d\TaskApi2d.csproj", "{21C2715B-9FE4-487F-8DBC-6AF5839C750D}"
EndProject
Project("{9A19103F-16F7-4668-BE54-9A1E7A4F7556}") = "TaskApi2d.UI", "TaskApi2d.UI\TaskApi2d.UI.csproj", "{CA3093C2-E15E-4E75-914D-A68756B539D1}"
EndProject
Project("{FAE04EC0-301F-11D3-BF4B-00C04F79EFBC}") = "TaskApi2b.UI", "TaskApi2b.UI\TaskApi2b.UI.csproj", "{E9B361A4-FB69-4F8D-A1A5-50F9FF75B67C}"
EndProject
Global
	GlobalSection(SolutionConfigurationPlatforms) = preSolution
		Debug|Any CPU = Debug|Any CPU
		Release|Any CPU = Release|Any CPU
	EndGlobalSection
	GlobalSection(ProjectConfigurationPlatforms) = postSolution
		{294BD37E-3BAD-4634-BB3E-48AFEFA196F4}.Debug|Any CPU.ActiveCfg = Debug|Any CPU
		{294BD37E-3BAD-4634-BB3E-48AFEFA196F4}.Debug|Any CPU.Build.0 = Debug|Any CPU
		{294BD37E-3BAD-4634-BB3E-48AFEFA196F4}.Release|Any CPU.ActiveCfg = Release|Any CPU
		{294BD37E-3BAD-4634-BB3E-48AFEFA196F4}.Release|Any CPU.Build.0 = Release|Any CPU
		{B3CFB55E-6E66-4ED3-8393-00765880A957}.Debug|Any CPU.ActiveCfg = Debug|Any CPU
		{B3CFB55E-6E66-4ED3-8393-00765880A957}.Debug|Any CPU.Build.0 = Debug|Any CPU
		{B3CFB55E-6E66-4ED3-8393-00765880A957}.Release|Any CPU.ActiveCfg = Release|Any CPU
		{B3CFB55E-6E66-4ED3-8393-00765880A957}.Release|Any CPU.Build.0 = Release|Any CPU
		{D1198210-5101-45A9-AC8D-D548A121F6B1}.Debug|Any CPU.ActiveCfg = Debug|Any CPU
		{D1198210-5101-45A9-AC8D-D548A121F6B1}.Debug|Any CPU.Build.0 = Debug|Any CPU
		{D1198210-5101-45A9-AC8D-D548A121F6B1}.Release|Any CPU.ActiveCfg = Release|Any CPU
		{D1198210-5101-45A9-AC8D-D548A121F6B1}.Release|Any CPU.Build.0 = Release|Any CPU
		{AE1CA61B-42A5-4033-96B5-CB24FD384E96}.Debug|Any CPU.ActiveCfg = Debug|Any CPU
		{AE1CA61B-42A5-4033-96B5-CB24FD384E96}.Debug|Any CPU.Build.0 = Debug|Any CPU
		{AE1CA61B-42A5-4033-96B5-CB24FD384E96}.Release|Any CPU.ActiveCfg = Release|Any CPU
		{AE1CA61B-42A5-4033-96B5-CB24FD384E96}.Release|Any CPU.Build.0 = Release|Any CPU
		{8EC3D3D9-EEFA-417E-ABAB-31B2A6EE6470}.Debug|Any CPU.ActiveCfg = Debug|Any CPU
		{8EC3D3D9-EEFA-417E-ABAB-31B2A6EE6470}.Debug|Any CPU.Build.0 = Debug|Any CPU
		{8EC3D3D9-EEFA-417E-ABAB-31B2A6EE6470}.Release|Any CPU.ActiveCfg = Release|Any CPU
		{8EC3D3D9-EEFA-417E-ABAB-31B2A6EE6470}.Release|Any CPU.Build.0 = Release|Any CPU
		{1D829C8C-5480-4B4F-9B31-68D1EA52889B}.Debug|Any CPU.ActiveCfg = Debug|Any CPU
		{1D829C8C-5480-4B4F-9B31-68D1EA52889B}.Debug|Any CPU.Build.0 = Debug|Any CPU
		{1D829C8C-5480-4B4F-9B31-68D1EA52889B}.Release|Any CPU.ActiveCfg = Release|Any CPU
		{1D829C8C-5480-4B4F-9B31-68D1EA52889B}.Release|Any CPU.Build.0 = Release|Any CPU
		{D449A054-2A22-4238-AA24-41EBDD07DE35}.Debug|Any CPU.ActiveCfg = Debug|Any CPU
		{D449A054-2A22-4238-AA24-41EBDD07DE35}.Debug|Any CPU.Build.0 = Debug|Any CPU
		{D449A054-2A22-4238-AA24-41EBDD07DE35}.Release|Any CPU.ActiveCfg = Release|Any CPU
		{D449A054-2A22-4238-AA24-41EBDD07DE35}.Release|Any CPU.Build.0 = Release|Any CPU
		{21C2715B-9FE4-487F-8DBC-6AF5839C750D}.Debug|Any CPU.ActiveCfg = Debug|Any CPU
		{21C2715B-9FE4-487F-8DBC-6AF5839C750D}.Debug|Any CPU.Build.0 = Debug|Any CPU
		{21C2715B-9FE4-487F-8DBC-6AF5839C750D}.Release|Any CPU.ActiveCfg = Release|Any CPU
		{21C2715B-9FE4-487F-8DBC-6AF5839C750D}.Release|Any CPU.Build.0 = Release|Any CPU
		{CA3093C2-E15E-4E75-914D-A68756B539D1}.Debug|Any CPU.ActiveCfg = Debug|Any CPU
		{CA3093C2-E15E-4E75-914D-A68756B539D1}.Debug|Any CPU.Build.0 = Debug|Any CPU
		{CA3093C2-E15E-4E75-914D-A68756B539D1}.Release|Any CPU.ActiveCfg = Release|Any CPU
		{CA3093C2-E15E-4E75-914D-A68756B539D1}.Release|Any CPU.Build.0 = Release|Any CPU
		{E9B361A4-FB69-4F8D-A1A5-50F9FF75B67C}.Debug|Any CPU.ActiveCfg = Debug|Any CPU
		{E9B361A4-FB69-4F8D-A1A5-50F9FF75B67C}.Debug|Any CPU.Build.0 = Debug|Any CPU
		{E9B361A4-FB69-4F8D-A1A5-50F9FF75B67C}.Release|Any CPU.ActiveCfg = Release|Any CPU
		{E9B361A4-FB69-4F8D-A1A5-50F9FF75B67C}.Release|Any CPU.Build.0 = Release|Any CPU
	EndGlobalSection
	GlobalSection(SolutionProperties) = preSolution
		HideSolutionNode = FALSE
	EndGlobalSection
	GlobalSection(NestedProjects) = preSolution
		{294BD37E-3BAD-4634-BB3E-48AFEFA196F4} = {054F680F-4CF2-4AAB-9223-0AF22418F00D}
		{B3CFB55E-6E66-4ED3-8393-00765880A957} = {6656E7FC-2534-487F-A250-4AA71BA15D08}
		{D1198210-5101-45A9-AC8D-D548A121F6B1} = {5DE54941-8F22-4EC1-BC68-B55B1886C63A}
		{AE1CA61B-42A5-4033-96B5-CB24FD384E96} = {2F0A2587-CCBB-4EEF-BE35-4A673AA7746D}
		{8EC3D3D9-EEFA-417E-ABAB-31B2A6EE6470} = {9B957D62-62B2-45EA-9727-095B159F29D5}
		{1D829C8C-5480-4B4F-9B31-68D1EA52889B} = {BF3E4D5B-B095-4486-A04E-8734DECA651E}
		{21C2715B-9FE4-487F-8DBC-6AF5839C750D} = {BDDD3CCD-4178-4C7A-AB0D-56280E906070}
		{CA3093C2-E15E-4E75-914D-A68756B539D1} = {BDDD3CCD-4178-4C7A-AB0D-56280E906070}
		{E9B361A4-FB69-4F8D-A1A5-50F9FF75B67C} = {9B957D62-62B2-45EA-9727-095B159F29D5}
	EndGlobalSection
	GlobalSection(ExtensibilityGlobals) = postSolution
		SolutionGuid = {D2E3166A-66EB-41E0-942F-54820ACCC51E}
	EndGlobalSection
EndGlobal
